
Microsoft Visual Studio Solution File, Format Version 12.00
# Visual Studio 15
VisualStudioVersion = 15.0.28307.757
MinimumVisualStudioVersion = 10.0.40219.1
Project("{FAE04EC0-301F-11D3-BF4B-00C04F79EFBC}") = "Dynamsoft", "Dynamsoft\Dynamsoft.csproj", "{8BDEA5CB-4949-4680-9D62-7339C6670F5F}"
EndProject
Global
	GlobalSection(SolutionConfigurationPlatforms) = preSolution
		Debug|Any CPU = Debug|Any CPU
		Release|Any CPU = Release|Any CPU
	EndGlobalSection
	GlobalSection(ProjectConfigurationPlatforms) = postSolution
		{8BDEA5CB-4949-4680-9D62-7339C6670F5F}.Debug|Any CPU.ActiveCfg = Debug|Any CPU
		{8BDEA5CB-4949-4680-9D62-7339C6670F5F}.Debug|Any CPU.Build.0 = Debug|Any CPU
		{8BDEA5CB-4949-4680-9D62-7339C6670F5F}.Release|Any CPU.ActiveCfg = Release|Any CPU
		{8BDEA5CB-4949-4680-9D62-7339C6670F5F}.Release|Any CPU.Build.0 = Release|Any CPU
	EndGlobalSection
	GlobalSection(SolutionProperties) = preSolution
		HideSolutionNode = FALSE
	EndGlobalSection
	GlobalSection(ExtensibilityGlobals) = postSolution
		SolutionGuid = {C62D1E48-0170-44E6-93BC-8889151EBDD1}
	EndGlobalSection
EndGlobal
